
Microsoft Visual Studio Solution File, Format Version 12.00
# Visual Studio 15
VisualStudioVersion = 15.0.27004.2002
MinimumVisualStudioVersion = 10.0.40219.1
Project("{FAE04EC0-301F-11D3-BF4B-00C04F79EFBC}") = "ConsoleApp1", "ConsoleApp1\ConsoleApp1.csproj", "{D692EAAB-EBBA-45A8-9701-35B404D4742A}"
EndProject
Global
	GlobalSection(SolutionConfigurationPlatforms) = preSolution
		Debug|Any CPU = Debug|Any CPU
		Release|Any CPU = Release|Any CPU
	EndGlobalSection
	GlobalSection(ProjectConfigurationPlatforms) = postSolution
		{D692EAAB-EBBA-45A8-9701-35B404D4742A}.Debug|Any CPU.ActiveCfg = Debug|Any CPU
		{D692EAAB-EBBA-45A8-9701-35B404D4742A}.Debug|Any CPU.Build.0 = Debug|Any CPU
		{D692EAAB-EBBA-45A8-9701-35B404D4742A}.Release|Any CPU.ActiveCfg = Release|Any CPU
		{D692EAAB-EBBA-45A8-9701-35B404D4742A}.Release|Any CPU.Build.0 = Release|Any CPU
	EndGlobalSection
	GlobalSection(SolutionProperties) = preSolution
		HideSolutionNode = FALSE
	EndGlobalSection
	GlobalSection(ExtensibilityGlobals) = postSolution
		SolutionGuid = {C95A7B77-F76F-4AE2-911B-919EEF12726F}
	EndGlobalSection
EndGlobal
